
Microsoft Visual Studio Solution File, Format Version 12.00
# Visual Studio Version 17
VisualStudioVersion = 17.3.32901.215
MinimumVisualStudioVersion = 10.0.40219.1
Project("{FAE04EC0-301F-11D3-BF4B-00C04F79EFBC}") = "CarShop_Console", "CarShop_Console\CarShop_Console.csproj", "{1B7E7B0B-76C1-4B6C-B135-85987C5D1692}"
EndProject
Project("{FAE04EC0-301F-11D3-BF4B-00C04F79EFBC}") = "CarShop_Library", "CarShop_Library\CarShop_Library.csproj", "{9F80A11C-353B-4621-B548-C02854636CCB}"
EndProject
Project("{FAE04EC0-301F-11D3-BF4B-00C04F79EFBC}") = "CarShop_WinForm", "CarShop_WinForm\CarShop_WinForm.csproj", "{B5889F1D-60C1-404D-9A91-2E090A49B77D}"
EndProject
Global
	GlobalSection(SolutionConfigurationPlatforms) = preSolution
		Debug|Any CPU = Debug|Any CPU
		Release|Any CPU = Release|Any CPU
	EndGlobalSection
	GlobalSection(ProjectConfigurationPlatforms) = postSolution
		{1B7E7B0B-76C1-4B6C-B135-85987C5D1692}.Debug|Any CPU.ActiveCfg = Debug|Any CPU
		{1B7E7B0B-76C1-4B6C-B135-85987C5D1692}.Debug|Any CPU.Build.0 = Debug|Any CPU
		{1B7E7B0B-76C1-4B6C-B135-85987C5D1692}.Release|Any CPU.ActiveCfg = Release|Any CPU
		{1B7E7B0B-76C1-4B6C-B135-85987C5D1692}.Release|Any CPU.Build.0 = Release|Any CPU
		{9F80A11C-353B-4621-B548-C02854636CCB}.Debug|Any CPU.ActiveCfg = Debug|Any CPU
		{9F80A11C-353B-4621-B548-C02854636CCB}.Debug|Any CPU.Build.0 = Debug|Any CPU
		{9F80A11C-353B-4621-B548-C02854636CCB}.Release|Any CPU.ActiveCfg = Release|Any CPU
		{9F80A11C-353B-4621-B548-C02854636CCB}.Release|Any CPU.Build.0 = Release|Any CPU
		{B5889F1D-60C1-404D-9A91-2E090A49B77D}.Debug|Any CPU.ActiveCfg = Debug|Any CPU
		{B5889F1D-60C1-404D-9A91-2E090A49B77D}.Debug|Any CPU.Build.0 = Debug|Any CPU
		{B5889F1D-60C1-404D-9A91-2E090A49B77D}.Release|Any CPU.ActiveCfg = Release|Any CPU
		{B5889F1D-60C1-404D-9A91-2E090A49B77D}.Release|Any CPU.Build.0 = Release|Any CPU
	EndGlobalSection
	GlobalSection(SolutionProperties) = preSolution
		HideSolutionNode = FALSE
	EndGlobalSection
	GlobalSection(ExtensibilityGlobals) = postSolution
		SolutionGuid = {80506EA4-36C8-4367-B6DC-EE52D2674E79}
	EndGlobalSection
EndGlobal
